
Microsoft Visual Studio Solution File, Format Version 12.00
# Visual Studio Version 16
VisualStudioVersion = 16.0.32002.261
MinimumVisualStudioVersion = 10.0.40219.1
Project("{FAE04EC0-301F-11D3-BF4B-00C04F79EFBC}") = "RRelationnelle", "RRelationnelle\RRelationnelle.csproj", "{2689BA06-31E3-41BA-8AC1-012B08F3A489}"
EndProject
Global
	GlobalSection(SolutionConfigurationPlatforms) = preSolution
		Debug|Any CPU = Debug|Any CPU
		Release|Any CPU = Release|Any CPU
	EndGlobalSection
	GlobalSection(ProjectConfigurationPlatforms) = postSolution
		{2689BA06-31E3-41BA-8AC1-012B08F3A489}.Debug|Any CPU.ActiveCfg = Debug|Any CPU
		{2689BA06-31E3-41BA-8AC1-012B08F3A489}.Debug|Any CPU.Build.0 = Debug|Any CPU
		{2689BA06-31E3-41BA-8AC1-012B08F3A489}.Release|Any CPU.ActiveCfg = Release|Any CPU
		{2689BA06-31E3-41BA-8AC1-012B08F3A489}.Release|Any CPU.Build.0 = Release|Any CPU
	EndGlobalSection
	GlobalSection(SolutionProperties) = preSolution
		HideSolutionNode = FALSE
	EndGlobalSection
	GlobalSection(ExtensibilityGlobals) = postSolution
		SolutionGuid = {B8C441BA-CEFE-49BC-A34B-1494B467BC43}
	EndGlobalSection
EndGlobal
